
Microsoft Visual Studio Solution File, Format Version 12.00
# Visual Studio 2012
Project("{FAE04EC0-301F-11D3-BF4B-00C04F79EFBC}") = "PortFolioFPA", "PortFolioFPA\PortFolioFPA.csproj", "{CABC28D4-18ED-4669-BA25-B448395F8AAA}"
EndProject
Global
	GlobalSection(SolutionConfigurationPlatforms) = preSolution
		Debug|Any CPU = Debug|Any CPU
		Release|Any CPU = Release|Any CPU
	EndGlobalSection
	GlobalSection(ProjectConfigurationPlatforms) = postSolution
		{CABC28D4-18ED-4669-BA25-B448395F8AAA}.Debug|Any CPU.ActiveCfg = Debug|Any CPU
		{CABC28D4-18ED-4669-BA25-B448395F8AAA}.Debug|Any CPU.Build.0 = Debug|Any CPU
		{CABC28D4-18ED-4669-BA25-B448395F8AAA}.Release|Any CPU.ActiveCfg = Release|Any CPU
		{CABC28D4-18ED-4669-BA25-B448395F8AAA}.Release|Any CPU.Build.0 = Release|Any CPU
	EndGlobalSection
	GlobalSection(SolutionProperties) = preSolution
		HideSolutionNode = FALSE
	EndGlobalSection
EndGlobal
